{
  "name": "worker_threads",
  "version": "1.0.0",
  "lockfileVersion": 2,
  "requires": true,
  "packages": {
    "": {
      "name": "worker_threads",
      "version": "1.0.0",
      "license": "ISC",
      "dependencies": {
        "worker-thread": "^1.1.0"
      }
    },
    "node_modules/co": {
      "version": "4.6.0",
      "resolved": "https://registry.npmjs.org/co/-/co-4.6.0.tgz",
      "integrity": "sha512-QVb0dM5HvG+uaxitm8wONl7jltx8dqhfU33DcqtOZcLSVIKSDDLDi7+0LbAKiyI8hD9u42m2YxXSkMGWThaecQ==",
      "engines": {
        "iojs": ">= 1.0.0",
        "node": ">= 0.12.0"
      }
    },
    "node_modules/eventemitter2": {
      "version": "4.1.0",
      "resolved": "https://registry.npmjs.org/eventemitter2/-/eventemitter2-4.1.0.tgz",
      "integrity": "sha512-38sx/0ho6QOQY5ifw0hC2qPEXmy63iiEH5fEyo6GO0FYfqgIvQvdDOHY4f+9iDeI8B0sZzPuu1IZDG/QXhQFvw=="
    },
    "node_modules/is-generator-function": {
      "version": "1.0.6",
      "resolved": "https://registry.npmjs.org/is-generator-function/-/is-generator-function-1.0.6.tgz",
      "integrity": "sha512-42rSiea6kme5O+AvAwoM8RaiO/aYzzGdVr8eLflrSXuI9VvfyXjdAdhN0YQ1uBVkNGyo96/0kcZQ0x6xhu01gg==",
      "engines": {
        "node": ">= 0.4"
      }
    },
    "node_modules/worker-thread": {
      "version": "1.1.0",
      "resolved": "https://registry.npmjs.org/worker-thread/-/worker-thread-1.1.0.tgz",
      "integrity": "sha512-u7HZZonw0bQRkwMhRcFf76N6/laQDu0MztLkuLSJXQLbVCVw0E3akkxkDiZyg08zdJm90pYm0PpmlgLckylJCg==",
      "dependencies": {
        "co": "4.6.0",
        "eventemitter2": "4.1.0",
        "is-generator-function": "1.0.6"
      },
      "engines": {
        "node": ">=4"
      }
    }
  },
  "dependencies": {
    "co": {
      "version": "4.6.0",
      "resolved": "https://registry.npmjs.org/co/-/co-4.6.0.tgz",
      "integrity": "sha512-QVb0dM5HvG+uaxitm8wONl7jltx8dqhfU33DcqtOZcLSVIKSDDLDi7+0LbAKiyI8hD9u42m2YxXSkMGWThaecQ=="
    },
    "eventemitter2": {
      "version": "4.1.0",
      "resolved": "https://registry.npmjs.org/eventemitter2/-/eventemitter2-4.1.0.tgz",
      "integrity": "sha512-38sx/0ho6QOQY5ifw0hC2qPEXmy63iiEH5fEyo6GO0FYfqgIvQvdDOHY4f+9iDeI8B0sZzPuu1IZDG/QXhQFvw=="
    },
    "is-generator-function": {
      "version": "1.0.6",
      "resolved": "https://registry.npmjs.org/is-generator-function/-/is-generator-function-1.0.6.tgz",
      "integrity": "sha512-42rSiea6kme5O+AvAwoM8RaiO/aYzzGdVr8eLflrSXuI9VvfyXjdAdhN0YQ1uBVkNGyo96/0kcZQ0x6xhu01gg=="
    },
    "worker-thread": {
      "version": "1.1.0",
      "resolved": "https://registry.npmjs.org/worker-thread/-/worker-thread-1.1.0.tgz",
      "integrity": "sha512-u7HZZonw0bQRkwMhRcFf76N6/laQDu0MztLkuLSJXQLbVCVw0E3akkxkDiZyg08zdJm90pYm0PpmlgLckylJCg==",
      "requires": {
        "co": "4.6.0",
        "eventemitter2": "4.1.0",
        "is-generator-function": "1.0.6"
      }
    }
  }
}
